
Microsoft Visual Studio Solution File, Format Version 12.00
# Visual Studio Version 17
VisualStudioVersion = 17.3.32929.385
MinimumVisualStudioVersion = 10.0.40219.1
Project("{FAE04EC0-301F-11D3-BF4B-00C04F79EFBC}") = "ThueXeMay", "ThueXeMay\ThueXeMay.csproj", "{857E1626-96E0-44B4-817D-45579843680E}"
EndProject
Global
	GlobalSection(SolutionConfigurationPlatforms) = preSolution
		Debug|Any CPU = Debug|Any CPU
		Release|Any CPU = Release|Any CPU
	EndGlobalSection
	GlobalSection(ProjectConfigurationPlatforms) = postSolution
		{857E1626-96E0-44B4-817D-45579843680E}.Debug|Any CPU.ActiveCfg = Debug|Any CPU
		{857E1626-96E0-44B4-817D-45579843680E}.Debug|Any CPU.Build.0 = Debug|Any CPU
		{857E1626-96E0-44B4-817D-45579843680E}.Release|Any CPU.ActiveCfg = Release|Any CPU
		{857E1626-96E0-44B4-817D-45579843680E}.Release|Any CPU.Build.0 = Release|Any CPU
	EndGlobalSection
	GlobalSection(SolutionProperties) = preSolution
		HideSolutionNode = FALSE
	EndGlobalSection
	GlobalSection(ExtensibilityGlobals) = postSolution
		SolutionGuid = {330623CC-0A49-4AA5-B70F-09017D7E4A21}
	EndGlobalSection
EndGlobal
